// !$*UTF8*$!
{
	archiveVersion = 1;
	classes = {
	};
	objectVersion = 51;
	objects = {

/* Begin PBXBuildFile section */
		150FCA620C826BCF36358FC4 /* Pods_PieceShelfTests.framework in Frameworks */ = {isa = PBXBuildFile; fileRef = 498CE36C8601AC0DB1C61FFC /* Pods_PieceShelfTests.framework */; };
		68066BFB9BA40782F729916D /* Pods_PieceShelf.framework in Frameworks */ = {isa = PBXBuildFile; fileRef = 16862791803DBFABB61D0C5D /* Pods_PieceShelf.framework */; };
		9054ED6D242F14ED00D28C20 /* AppDelegate.swift in Sources */ = {isa = PBXBuildFile; fileRef = 9054ED6C242F14ED00D28C20 /* AppDelegate.swift */; };
		9054ED6F242F14ED00D28C20 /* SceneDelegate.swift in Sources */ = {isa = PBXBuildFile; fileRef = 9054ED6E242F14ED00D28C20 /* SceneDelegate.swift */; };
		9054ED74242F14ED00D28C20 /* Main.storyboard in Resources */ = {isa = PBXBuildFile; fileRef = 9054ED72242F14ED00D28C20 /* Main.storyboard */; };
		9054ED76242F14EE00D28C20 /* Assets.xcassets in Resources */ = {isa = PBXBuildFile; fileRef = 9054ED75242F14EE00D28C20 /* Assets.xcassets */; };
		9054ED79242F14EE00D28C20 /* LaunchScreen.storyboard in Resources */ = {isa = PBXBuildFile; fileRef = 9054ED77242F14EE00D28C20 /* LaunchScreen.storyboard */; };
		9054ED84242F14EE00D28C20 /* PieceShelfTests.swift in Sources */ = {isa = PBXBuildFile; fileRef = 9054ED83242F14EE00D28C20 /* PieceShelfTests.swift */; };
		9054ED8F242F164800D28C20 /* MainViewController.swift in Sources */ = {isa = PBXBuildFile; fileRef = 9054ED8E242F164800D28C20 /* MainViewController.swift */; };
		9054ED91242F166100D28C20 /* AddViewController.swift in Sources */ = {isa = PBXBuildFile; fileRef = 9054ED90242F166100D28C20 /* AddViewController.swift */; };
		9054ED94242F1A5000D28C20 /* WebSearchViewController.swift in Sources */ = {isa = PBXBuildFile; fileRef = 9054ED93242F1A5000D28C20 /* WebSearchViewController.swift */; };
		9054ED96242F282B00D28C20 /* APIKey.swift in Sources */ = {isa = PBXBuildFile; fileRef = 9054ED95242F282B00D28C20 /* APIKey.swift */; };
		9054ED98242F2A7300D28C20 /* SearchResult.swift in Sources */ = {isa = PBXBuildFile; fileRef = 9054ED97242F2A7300D28C20 /* SearchResult.swift */; };
		9054ED9A242F310100D28C20 /* ThumbnailCollectionViewCell.swift in Sources */ = {isa = PBXBuildFile; fileRef = 9054ED99242F310100D28C20 /* ThumbnailCollectionViewCell.swift */; };
		9054ED9C242F37D500D28C20 /* GlobalConstant.swift in Sources */ = {isa = PBXBuildFile; fileRef = 9054ED9B242F37D500D28C20 /* GlobalConstant.swift */; };
		9054EDA4242F861D00D28C20 /* GoogleService-Info.plist in Resources */ = {isa = PBXBuildFile; fileRef = 9054EDA3242F861D00D28C20 /* GoogleService-Info.plist */; };
/* End PBXBuildFile section */

/* Begin PBXContainerItemProxy section */
		9054ED80242F14EE00D28C20 /* PBXContainerItemProxy */ = {
			isa = PBXContainerItemProxy;
			containerPortal = 9054ED61242F14ED00D28C20 /* Project object */;
			proxyType = 1;
			remoteGlobalIDString = 9054ED68242F14ED00D28C20;
			remoteInfo = PieceShelf;
		};
/* End PBXContainerItemProxy section */

/* Begin PBXFileReference section */
		0590EBD6208EDE275EA6EEBA /* Pods-PieceShelf.release.xcconfig */ = {isa = PBXFileReference; includeInIndex = 1; lastKnownFileType = text.xcconfig; name = "Pods-PieceShelf.release.xcconfig"; path = "Target Support Files/Pods-PieceShelf/Pods-PieceShelf.release.xcconfig"; sourceTree = "<group>"; };
		16862791803DBFABB61D0C5D /* Pods_PieceShelf.framework */ = {isa = PBXFileReference; explicitFileType = wrapper.framework; includeInIndex = 0; path = Pods_PieceShelf.framework; sourceTree = BUILT_PRODUCTS_DIR; };
		498CE36C8601AC0DB1C61FFC /* Pods_PieceShelfTests.framework */ = {isa = PBXFileReference; explicitFileType = wrapper.framework; includeInIndex = 0; path = Pods_PieceShelfTests.framework; sourceTree = BUILT_PRODUCTS_DIR; };
		51D1A0EC3CCD6155888FD77B /* Pods-PieceShelfTests.release.xcconfig */ = {isa = PBXFileReference; includeInIndex = 1; lastKnownFileType = text.xcconfig; name = "Pods-PieceShelfTests.release.xcconfig"; path = "Target Support Files/Pods-PieceShelfTests/Pods-PieceShelfTests.release.xcconfig"; sourceTree = "<group>"; };
		897A729BF9703F5870A3C9F0 /* Pods-PieceShelf.debug.xcconfig */ = {isa = PBXFileReference; includeInIndex = 1; lastKnownFileType = text.xcconfig; name = "Pods-PieceShelf.debug.xcconfig"; path = "Target Support Files/Pods-PieceShelf/Pods-PieceShelf.debug.xcconfig"; sourceTree = "<group>"; };
		9054ED69242F14ED00D28C20 /* PieceShelf.app */ = {isa = PBXFileReference; explicitFileType = wrapper.application; includeInIndex = 0; path = PieceShelf.app; sourceTree = BUILT_PRODUCTS_DIR; };
		9054ED6C242F14ED00D28C20 /* AppDelegate.swift */ = {isa = PBXFileReference; lastKnownFileType = sourcecode.swift; path = AppDelegate.swift; sourceTree = "<group>"; };
		9054ED6E242F14ED00D28C20 /* SceneDelegate.swift */ = {isa = PBXFileReference; lastKnownFileType = sourcecode.swift; path = SceneDelegate.swift; sourceTree = "<group>"; };
		9054ED73242F14ED00D28C20 /* Base */ = {isa = PBXFileReference; lastKnownFileType = file.storyboard; name = Base; path = Base.lproj/Main.storyboard; sourceTree = "<group>"; };
		9054ED75242F14EE00D28C20 /* Assets.xcassets */ = {isa = PBXFileReference; lastKnownFileType = folder.assetcatalog; path = Assets.xcassets; sourceTree = "<group>"; };
		9054ED78242F14EE00D28C20 /* Base */ = {isa = PBXFileReference; lastKnownFileType = file.storyboard; name = Base; path = Base.lproj/LaunchScreen.storyboard; sourceTree = "<group>"; };
		9054ED7A242F14EE00D28C20 /* Info.plist */ = {isa = PBXFileReference; lastKnownFileType = text.plist.xml; path = Info.plist; sourceTree = "<group>"; };
		9054ED7F242F14EE00D28C20 /* PieceShelfTests.xctest */ = {isa = PBXFileReference; explicitFileType = wrapper.cfbundle; includeInIndex = 0; path = PieceShelfTests.xctest; sourceTree = BUILT_PRODUCTS_DIR; };
		9054ED83242F14EE00D28C20 /* PieceShelfTests.swift */ = {isa = PBXFileReference; lastKnownFileType = sourcecode.swift; path = PieceShelfTests.swift; sourceTree = "<group>"; };
		9054ED85242F14EE00D28C20 /* Info.plist */ = {isa = PBXFileReference; lastKnownFileType = text.plist.xml; path = Info.plist; sourceTree = "<group>"; };
		9054ED8E242F164800D28C20 /* MainViewController.swift */ = {isa = PBXFileReference; lastKnownFileType = sourcecode.swift; path = MainViewController.swift; sourceTree = "<group>"; };
		9054ED90242F166100D28C20 /* AddViewController.swift */ = {isa = PBXFileReference; lastKnownFileType = sourcecode.swift; path = AddViewController.swift; sourceTree = "<group>"; };
		9054ED93242F1A5000D28C20 /* WebSearchViewController.swift */ = {isa = PBXFileReference; lastKnownFileType = sourcecode.swift; path = WebSearchViewController.swift; sourceTree = "<group>"; };
		9054ED95242F282B00D28C20 /* APIKey.swift */ = {isa = PBXFileReference; lastKnownFileType = sourcecode.swift; path = APIKey.swift; sourceTree = "<group>"; };
		9054ED97242F2A7300D28C20 /* SearchResult.swift */ = {isa = PBXFileReference; lastKnownFileType = sourcecode.swift; path = SearchResult.swift; sourceTree = "<group>"; };
		9054ED99242F310100D28C20 /* ThumbnailCollectionViewCell.swift */ = {isa = PBXFileReference; lastKnownFileType = sourcecode.swift; path = ThumbnailCollectionViewCell.swift; sourceTree = "<group>"; };
		9054ED9B242F37D500D28C20 /* GlobalConstant.swift */ = {isa = PBXFileReference; lastKnownFileType = sourcecode.swift; path = GlobalConstant.swift; sourceTree = "<group>"; };
		9054EDA3242F861D00D28C20 /* GoogleService-Info.plist */ = {isa = PBXFileReference; fileEncoding = 4; lastKnownFileType = text.plist.xml; name = "GoogleService-Info.plist"; path = "../../GoogleService-Info.plist"; sourceTree = "<group>"; };
		D57CDD3C168E4537A91F1435 /* Pods-PieceShelfTests.debug.xcconfig */ = {isa = PBXFileReference; includeInIndex = 1; lastKnownFileType = text.xcconfig; name = "Pods-PieceShelfTests.debug.xcconfig"; path = "Target Support Files/Pods-PieceShelfTests/Pods-PieceShelfTests.debug.xcconfig"; sourceTree = "<group>"; };
/* End PBXFileReference section */

/* Begin PBXFrameworksBuildPhase section */
		9054ED66242F14ED00D28C20 /* Frameworks */ = {
			isa = PBXFrameworksBuildPhase;
			buildActionMask = 2147483647;
			files = (
				68066BFB9BA40782F729916D /* Pods_PieceShelf.framework in Frameworks */,
			);
			runOnlyForDeploymentPostprocessing = 0;
		};
		9054ED7C242F14EE00D28C20 /* Frameworks */ = {
			isa = PBXFrameworksBuildPhase;
			buildActionMask = 2147483647;
			files = (
				150FCA620C826BCF36358FC4 /* Pods_PieceShelfTests.framework in Frameworks */,
			);
			runOnlyForDeploymentPostprocessing = 0;
		};
/* End PBXFrameworksBuildPhase section */

/* Begin PBXGroup section */
		4F8111D499D8EF7BB228685F /* Pods */ = {
			isa = PBXGroup;
			children = (
				897A729BF9703F5870A3C9F0 /* Pods-PieceShelf.debug.xcconfig */,
				0590EBD6208EDE275EA6EEBA /* Pods-PieceShelf.release.xcconfig */,
				D57CDD3C168E4537A91F1435 /* Pods-PieceShelfTests.debug.xcconfig */,
				51D1A0EC3CCD6155888FD77B /* Pods-PieceShelfTests.release.xcconfig */,
			);
			path = Pods;
			sourceTree = "<group>";
		};
		9054ED60242F14ED00D28C20 = {
			isa = PBXGroup;
			children = (
				9054ED6B242F14ED00D28C20 /* PieceShelf */,
				9054ED82242F14EE00D28C20 /* PieceShelfTests */,
				9054ED6A242F14ED00D28C20 /* Products */,
				4F8111D499D8EF7BB228685F /* Pods */,
				F25234FE7B45313A13C8AB9D /* Frameworks */,
			);
			sourceTree = "<group>";
		};
		9054ED6A242F14ED00D28C20 /* Products */ = {
			isa = PBXGroup;
			children = (
				9054ED69242F14ED00D28C20 /* PieceShelf.app */,
				9054ED7F242F14EE00D28C20 /* PieceShelfTests.xctest */,
			);
			name = Products;
			sourceTree = "<group>";
		};
		9054ED6B242F14ED00D28C20 /* PieceShelf */ = {
			isa = PBXGroup;
			children = (
				9054ED92242F167700D28C20 /* Supporting Files */,
				9054ED7A242F14EE00D28C20 /* Info.plist */,
				9054ED72242F14ED00D28C20 /* Main.storyboard */,
				9054ED8E242F164800D28C20 /* MainViewController.swift */,
				9054ED90242F166100D28C20 /* AddViewController.swift */,
				9054ED93242F1A5000D28C20 /* WebSearchViewController.swift */,
				9054ED95242F282B00D28C20 /* APIKey.swift */,
				9054ED97242F2A7300D28C20 /* SearchResult.swift */,
				9054ED99242F310100D28C20 /* ThumbnailCollectionViewCell.swift */,
				9054ED9B242F37D500D28C20 /* GlobalConstant.swift */,
				9054EDA3242F861D00D28C20 /* GoogleService-Info.plist */,
			);
			path = PieceShelf;
			sourceTree = "<group>";
		};
		9054ED82242F14EE00D28C20 /* PieceShelfTests */ = {
			isa = PBXGroup;
			children = (
				9054ED83242F14EE00D28C20 /* PieceShelfTests.swift */,
				9054ED85242F14EE00D28C20 /* Info.plist */,
			);
			path = PieceShelfTests;
			sourceTree = "<group>";
		};
		9054ED92242F167700D28C20 /* Supporting Files */ = {
			isa = PBXGroup;
			children = (
				9054ED6C242F14ED00D28C20 /* AppDelegate.swift */,
				9054ED6E242F14ED00D28C20 /* SceneDelegate.swift */,
				9054ED75242F14EE00D28C20 /* Assets.xcassets */,
				9054ED77242F14EE00D28C20 /* LaunchScreen.storyboard */,
			);
			path = "Supporting Files";
			sourceTree = "<group>";
		};
		F25234FE7B45313A13C8AB9D /* Frameworks */ = {
			isa = PBXGroup;
			children = (
				16862791803DBFABB61D0C5D /* Pods_PieceShelf.framework */,
				498CE36C8601AC0DB1C61FFC /* Pods_PieceShelfTests.framework */,
			);
			name = Frameworks;
			sourceTree = "<group>";
		};
/* End PBXGroup section */

/* Begin PBXNativeTarget section */
		9054ED68242F14ED00D28C20 /* PieceShelf */ = {
			isa = PBXNativeTarget;
			buildConfigurationList = 9054ED88242F14EE00D28C20 /* Build configuration list for PBXNativeTarget "PieceShelf" */;
			buildPhases = (
				CA625B102D25A5F347E92F43 /* [CP] Check Pods Manifest.lock */,
				9054ED65242F14ED00D28C20 /* Sources */,
				9054ED66242F14ED00D28C20 /* Frameworks */,
				9054ED67242F14ED00D28C20 /* Resources */,
				6AF8A8BFF5DA8306CFDEDAAA /* [CP] Embed Pods Frameworks */,
			);
			buildRules = (
			);
			dependencies = (
			);
			name = PieceShelf;
			productName = PieceShelf;
			productReference = 9054ED69242F14ED00D28C20 /* PieceShelf.app */;
			productType = "com.apple.product-type.application";
		};
		9054ED7E242F14EE00D28C20 /* PieceShelfTests */ = {
			isa = PBXNativeTarget;
			buildConfigurationList = 9054ED8B242F14EE00D28C20 /* Build configuration list for PBXNativeTarget "PieceShelfTests" */;
			buildPhases = (
				28A1617EF02002F642F97CB8 /* [CP] Check Pods Manifest.lock */,
				9054ED7B242F14EE00D28C20 /* Sources */,
				9054ED7C242F14EE00D28C20 /* Frameworks */,
				9054ED7D242F14EE00D28C20 /* Resources */,
			);
			buildRules = (
			);
			dependencies = (
				9054ED81242F14EE00D28C20 /* PBXTargetDependency */,
			);
			name = PieceShelfTests;
			productName = PieceShelfTests;
			productReference = 9054ED7F242F14EE00D28C20 /* PieceShelfTests.xctest */;
			productType = "com.apple.product-type.bundle.unit-test";
		};
/* End PBXNativeTarget section */

/* Begin PBXProject section */
		9054ED61242F14ED00D28C20 /* Project object */ = {
			isa = PBXProject;
			attributes = {
				LastSwiftUpdateCheck = 1140;
				LastUpgradeCheck = 1140;
				ORGANIZATIONNAME = jiyeonlab;
				TargetAttributes = {
					9054ED68242F14ED00D28C20 = {
						CreatedOnToolsVersion = 11.4;
					};
					9054ED7E242F14EE00D28C20 = {
						CreatedOnToolsVersion = 11.4;
						TestTargetID = 9054ED68242F14ED00D28C20;
					};
				};
			};
			buildConfigurationList = 9054ED64242F14ED00D28C20 /* Build configuration list for PBXProject "PieceShelf" */;
			compatibilityVersion = "Xcode 9.3";
			developmentRegion = en;
			hasScannedForEncodings = 0;
			knownRegions = (
				en,
				Base,
			);
			mainGroup = 9054ED60242F14ED00D28C20;
			productRefGroup = 9054ED6A242F14ED00D28C20 /* Products */;
			projectDirPath = "";
			projectRoot = "";
			targets = (
				9054ED68242F14ED00D28C20 /* PieceShelf */,
				9054ED7E242F14EE00D28C20 /* PieceShelfTests */,
			);
		};
/* End PBXProject section */

/* Begin PBXResourcesBuildPhase section */
		9054ED67242F14ED00D28C20 /* Resources */ = {
			isa = PBXResourcesBuildPhase;
			buildActionMask = 2147483647;
			files = (
				9054ED79242F14EE00D28C20 /* LaunchScreen.storyboard in Resources */,
				9054EDA4242F861D00D28C20 /* GoogleService-Info.plist in Resources */,
				9054ED76242F14EE00D28C20 /* Assets.xcassets in Resources */,
				9054ED74242F14ED00D28C20 /* Main.storyboard in Resources */,
			);
			runOnlyForDeploymentPostprocessing = 0;
		};
		9054ED7D242F14EE00D28C20 /* Resources */ = {
			isa = PBXResourcesBuildPhase;
			buildActionMask = 2147483647;
			files = (
			);
			runOnlyForDeploymentPostprocessing = 0;
		};
/* End PBXResourcesBuildPhase section */

/* Begin PBXShellScriptBuildPhase section */
		28A1617EF02002F642F97CB8 /* [CP] Check Pods Manifest.lock */ = {
			isa = PBXShellScriptBuildPhase;
			buildActionMask = 2147483647;
			files = (
			);
			inputFileListPaths = (
			);
			inputPaths = (
				"${PODS_PODFILE_DIR_PATH}/Podfile.lock",
				"${PODS_ROOT}/Manifest.lock",
			);
			name = "[CP] Check Pods Manifest.lock";
			outputFileListPaths = (
			);
			outputPaths = (
				"$(DERIVED_FILE_DIR)/Pods-PieceShelfTests-checkManifestLockResult.txt",
			);
			runOnlyForDeploymentPostprocessing = 0;
			shellPath = /bin/sh;
			shellScript = "diff \"${PODS_PODFILE_DIR_PATH}/Podfile.lock\" \"${PODS_ROOT}/Manifest.lock\" > /dev/null\nif [ $? != 0 ] ; then\n    # print error to STDERR\n    echo \"error: The sandbox is not in sync with the Podfile.lock. Run 'pod install' or update your CocoaPods installation.\" >&2\n    exit 1\nfi\n# This output is used by Xcode 'outputs' to avoid re-running this script phase.\necho \"SUCCESS\" > \"${SCRIPT_OUTPUT_FILE_0}\"\n";
			showEnvVarsInLog = 0;
		};
		6AF8A8BFF5DA8306CFDEDAAA /* [CP] Embed Pods Frameworks */ = {
			isa = PBXShellScriptBuildPhase;
			buildActionMask = 2147483647;
			files = (
			);
			inputFileListPaths = (
				"${PODS_ROOT}/Target Support Files/Pods-PieceShelf/Pods-PieceShelf-frameworks-${CONFIGURATION}-input-files.xcfilelist",
			);
			name = "[CP] Embed Pods Frameworks";
			outputFileListPaths = (
				"${PODS_ROOT}/Target Support Files/Pods-PieceShelf/Pods-PieceShelf-frameworks-${CONFIGURATION}-output-files.xcfilelist",
			);
			runOnlyForDeploymentPostprocessing = 0;
			shellPath = /bin/sh;
			shellScript = "\"${PODS_ROOT}/Target Support Files/Pods-PieceShelf/Pods-PieceShelf-frameworks.sh\"\n";
			showEnvVarsInLog = 0;
		};
		CA625B102D25A5F347E92F43 /* [CP] Check Pods Manifest.lock */ = {
			isa = PBXShellScriptBuildPhase;
			buildActionMask = 2147483647;
			files = (
			);
			inputFileListPaths = (
			);
			inputPaths = (
				"${PODS_PODFILE_DIR_PATH}/Podfile.lock",
				"${PODS_ROOT}/Manifest.lock",
			);
			name = "[CP] Check Pods Manifest.lock";
			outputFileListPaths = (
			);
			outputPaths = (
				"$(DERIVED_FILE_DIR)/Pods-PieceShelf-checkManifestLockResult.txt",
			);
			runOnlyForDeploymentPostprocessing = 0;
			shellPath = /bin/sh;
			shellScript = "diff \"${PODS_PODFILE_DIR_PATH}/Podfile.lock\" \"${PODS_ROOT}/Manifest.lock\" > /dev/null\nif [ $? != 0 ] ; then\n    # print error to STDERR\n    echo \"error: The sandbox is not in sync with the Podfile.lock. Run 'pod install' or update your CocoaPods installation.\" >&2\n    exit 1\nfi\n# This output is used by Xcode 'outputs' to avoid re-running this script phase.\necho \"SUCCESS\" > \"${SCRIPT_OUTPUT_FILE_0}\"\n";
			showEnvVarsInLog = 0;
		};
/* End PBXShellScriptBuildPhase section */

/* Begin PBXSourcesBuildPhase section */
		9054ED65242F14ED00D28C20 /* Sources */ = {
			isa = PBXSourcesBuildPhase;
			buildActionMask = 2147483647;
			files = (
				9054ED9C242F37D500D28C20 /* GlobalConstant.swift in Sources */,
				9054ED94242F1A5000D28C20 /* WebSearchViewController.swift in Sources */,
				9054ED98242F2A7300D28C20 /* SearchResult.swift in Sources */,
				9054ED8F242F164800D28C20 /* MainViewController.swift in Sources */,
				9054ED6D242F14ED00D28C20 /* AppDelegate.swift in Sources */,
				9054ED91242F166100D28C20 /* AddViewController.swift in Sources */,
				9054ED9A242F310100D28C20 /* ThumbnailCollectionViewCell.swift in Sources */,
				9054ED96242F282B00D28C20 /* APIKey.swift in Sources */,
				9054ED6F242F14ED00D28C20 /* SceneDelegate.swift in Sources */,
			);
			runOnlyForDeploymentPostprocessing = 0;
		};
		9054ED7B242F14EE00D28C20 /* Sources */ = {
			isa = PBXSourcesBuildPhase;
			buildActionMask = 2147483647;
			files = (
				9054ED84242F14EE00D28C20 /* PieceShelfTests.swift in Sources */,
			);
			runOnlyForDeploymentPostprocessing = 0;
		};
/* End PBXSourcesBuildPhase section */

/* Begin PBXTargetDependency section */
		9054ED81242F14EE00D28C20 /* PBXTargetDependency */ = {
			isa = PBXTargetDependency;
			target = 9054ED68242F14ED00D28C20 /* PieceShelf */;
			targetProxy = 9054ED80242F14EE00D28C20 /* PBXContainerItemProxy */;
		};
/* End PBXTargetDependency section */

/* Begin PBXVariantGroup section */
		9054ED72242F14ED00D28C20 /* Main.storyboard */ = {
			isa = PBXVariantGroup;
			children = (
				9054ED73242F14ED00D28C20 /* Base */,
			);
			name = Main.storyboard;
			sourceTree = "<group>";
		};
		9054ED77242F14EE00D28C20 /* LaunchScreen.storyboard */ = {
			isa = PBXVariantGroup;
			children = (
				9054ED78242F14EE00D28C20 /* Base */,
			);
			name = LaunchScreen.storyboard;
			sourceTree = "<group>";
		};
/* End PBXVariantGroup section */

/* Begin XCBuildConfiguration section */
		9054ED86242F14EE00D28C20 /* Debug */ = {
			isa = XCBuildConfiguration;
			buildSettings = {
				ALWAYS_SEARCH_USER_PATHS = NO;
				CLANG_ANALYZER_NONNULL = YES;
				CLANG_ANALYZER_NUMBER_OBJECT_CONVERSION = YES_AGGRESSIVE;
				CLANG_CXX_LANGUAGE_STANDARD = "gnu++14";
				CLANG_CXX_LIBRARY = "libc++";
				CLANG_ENABLE_MODULES = YES;
				CLANG_ENABLE_OBJC_ARC = YES;
				CLANG_ENABLE_OBJC_WEAK = YES;
				CLANG_WARN_BLOCK_CAPTURE_AUTORELEASING = YES;
				CLANG_WARN_BOOL_CONVERSION = YES;
				CLANG_WARN_COMMA = YES;
				CLANG_WARN_CONSTANT_CONVERSION = YES;
				CLANG_WARN_DEPRECATED_OBJC_IMPLEMENTATIONS = YES;
				CLANG_WARN_DIRECT_OBJC_ISA_USAGE = YES_ERROR;
				CLANG_WARN_DOCUMENTATION_COMMENTS = YES;
				CLANG_WARN_EMPTY_BODY = YES;
				CLANG_WARN_ENUM_CONVERSION = YES;
				CLANG_WARN_INFINITE_RECURSION = YES;
				CLANG_WARN_INT_CONVERSION = YES;
				CLANG_WARN_NON_LITERAL_NULL_CONVERSION = YES;
				CLANG_WARN_OBJC_IMPLICIT_RETAIN_SELF = YES;
				CLANG_WARN_OBJC_LITERAL_CONVERSION = YES;
				CLANG_WARN_OBJC_ROOT_CLASS = YES_ERROR;
				CLANG_WARN_RANGE_LOOP_ANALYSIS = YES;
				CLANG_WARN_STRICT_PROTOTYPES = YES;
				CLANG_WARN_SUSPICIOUS_MOVE = YES;
				CLANG_WARN_UNGUARDED_AVAILABILITY = YES_AGGRESSIVE;
				CLANG_WARN_UNREACHABLE_CODE = YES;
				CLANG_WARN__DUPLICATE_METHOD_MATCH = YES;
				COPY_PHASE_STRIP = NO;
				DEBUG_INFORMATION_FORMAT = dwarf;
				ENABLE_STRICT_OBJC_MSGSEND = YES;
				ENABLE_TESTABILITY = YES;
				GCC_C_LANGUAGE_STANDARD = gnu11;
				GCC_DYNAMIC_NO_PIC = NO;
				GCC_NO_COMMON_BLOCKS = YES;
				GCC_OPTIMIZATION_LEVEL = 0;
				GCC_PREPROCESSOR_DEFINITIONS = (
					"DEBUG=1",
					"$(inherited)",
				);
				GCC_WARN_64_TO_32_BIT_CONVERSION = YES;
				GCC_WARN_ABOUT_RETURN_TYPE = YES_ERROR;
				GCC_WARN_UNDECLARED_SELECTOR = YES;
				GCC_WARN_UNINITIALIZED_AUTOS = YES_AGGRESSIVE;
				GCC_WARN_UNUSED_FUNCTION = YES;
				GCC_WARN_UNUSED_VARIABLE = YES;
				IPHONEOS_DEPLOYMENT_TARGET = 13.4;
				MTL_ENABLE_DEBUG_INFO = INCLUDE_SOURCE;
				MTL_FAST_MATH = YES;
				ONLY_ACTIVE_ARCH = YES;
				SDKROOT = iphoneos;
				SWIFT_ACTIVE_COMPILATION_CONDITIONS = DEBUG;
				SWIFT_OPTIMIZATION_LEVEL = "-Onone";
			};
			name = Debug;
		};
		9054ED87242F14EE00D28C20 /* Release */ = {
			isa = XCBuildConfiguration;
			buildSettings = {
				ALWAYS_SEARCH_USER_PATHS = NO;
				CLANG_ANALYZER_NONNULL = YES;
				CLANG_ANALYZER_NUMBER_OBJECT_CONVERSION = YES_AGGRESSIVE;
				CLANG_CXX_LANGUAGE_STANDARD = "gnu++14";
				CLANG_CXX_LIBRARY = "libc++";
				CLANG_ENABLE_MODULES = YES;
				CLANG_ENABLE_OBJC_ARC = YES;
				CLANG_ENABLE_OBJC_WEAK = YES;
				CLANG_WARN_BLOCK_CAPTURE_AUTORELEASING = YES;
				CLANG_WARN_BOOL_CONVERSION = YES;
				CLANG_WARN_COMMA = YES;
				CLANG_WARN_CONSTANT_CONVERSION = YES;
				CLANG_WARN_DEPRECATED_OBJC_IMPLEMENTATIONS = YES;
				CLANG_WARN_DIRECT_OBJC_ISA_USAGE = YES_ERROR;
				CLANG_WARN_DOCUMENTATION_COMMENTS = YES;
				CLANG_WARN_EMPTY_BODY = YES;
				CLANG_WARN_ENUM_CONVERSION = YES;
				CLANG_WARN_INFINITE_RECURSION = YES;
				CLANG_WARN_INT_CONVERSION = YES;
				CLANG_WARN_NON_LITERAL_NULL_CONVERSION = YES;
				CLANG_WARN_OBJC_IMPLICIT_RETAIN_SELF = YES;
				CLANG_WARN_OBJC_LITERAL_CONVERSION = YES;
				CLANG_WARN_OBJC_ROOT_CLASS = YES_ERROR;
				CLANG_WARN_RANGE_LOOP_ANALYSIS = YES;
				CLANG_WARN_STRICT_PROTOTYPES = YES;
				CLANG_WARN_SUSPICIOUS_MOVE = YES;
				CLANG_WARN_UNGUARDED_AVAILABILITY = YES_AGGRESSIVE;
				CLANG_WARN_UNREACHABLE_CODE = YES;
				CLANG_WARN__DUPLICATE_METHOD_MATCH = YES;
				COPY_PHASE_STRIP = NO;
				DEBUG_INFORMATION_FORMAT = "dwarf-with-dsym";
				ENABLE_NS_ASSERTIONS = NO;
				ENABLE_STRICT_OBJC_MSGSEND = YES;
				GCC_C_LANGUAGE_STANDARD = gnu11;
				GCC_NO_COMMON_BLOCKS = YES;
				GCC_WARN_64_TO_32_BIT_CONVERSION = YES;
				GCC_WARN_ABOUT_RETURN_TYPE = YES_ERROR;
				GCC_WARN_UNDECLARED_SELECTOR = YES;
				GCC_WARN_UNINITIALIZED_AUTOS = YES_AGGRESSIVE;
				GCC_WARN_UNUSED_FUNCTION = YES;
				GCC_WARN_UNUSED_VARIABLE = YES;
				IPHONEOS_DEPLOYMENT_TARGET = 13.4;
				MTL_ENABLE_DEBUG_INFO = NO;
				MTL_FAST_MATH = YES;
				SDKROOT = iphoneos;
				SWIFT_COMPILATION_MODE = wholemodule;
				SWIFT_OPTIMIZATION_LEVEL = "-O";
				VALIDATE_PRODUCT = YES;
			};
			name = Release;
		};
		9054ED89242F14EE00D28C20 /* Debug */ = {
			isa = XCBuildConfiguration;
			baseConfigurationReference = 897A729BF9703F5870A3C9F0 /* Pods-PieceShelf.debug.xcconfig */;
			buildSettings = {
				ASSETCATALOG_COMPILER_APPICON_NAME = AppIcon;
				CODE_SIGN_STYLE = Automatic;
				DEVELOPMENT_TEAM = C5Y2CH62YY;
				INFOPLIST_FILE = PieceShelf/Info.plist;
				LD_RUNPATH_SEARCH_PATHS = (
					"$(inherited)",
					"@executable_path/Frameworks",
				);
				PRODUCT_BUNDLE_IDENTIFIER = com.jiyeonlab.PieceShelf;
				PRODUCT_NAME = "$(TARGET_NAME)";
				SWIFT_VERSION = 5.0;
				TARGETED_DEVICE_FAMILY = "1,2";
			};
			name = Debug;
		};
		9054ED8A242F14EE00D28C20 /* Release */ = {
			isa = XCBuildConfiguration;
			baseConfigurationReference = 0590EBD6208EDE275EA6EEBA /* Pods-PieceShelf.release.xcconfig */;
			buildSettings = {
				ASSETCATALOG_COMPILER_APPICON_NAME = AppIcon;
				CODE_SIGN_STYLE = Automatic;
				DEVELOPMENT_TEAM = C5Y2CH62YY;
				INFOPLIST_FILE = PieceShelf/Info.plist;
				LD_RUNPATH_SEARCH_PATHS = (
					"$(inherited)",
					"@executable_path/Frameworks",
				);
				PRODUCT_BUNDLE_IDENTIFIER = com.jiyeonlab.PieceShelf;
				PRODUCT_NAME = "$(TARGET_NAME)";
				SWIFT_VERSION = 5.0;
				TARGETED_DEVICE_FAMILY = "1,2";
			};
			name = Release;
		};
		9054ED8C242F14EE00D28C20 /* Debug */ = {
			isa = XCBuildConfiguration;
			baseConfigurationReference = D57CDD3C168E4537A91F1435 /* Pods-PieceShelfTests.debug.xcconfig */;
			buildSettings = {
				ALWAYS_EMBED_SWIFT_STANDARD_LIBRARIES = YES;
				BUNDLE_LOADER = "$(TEST_HOST)";
				CODE_SIGN_STYLE = Automatic;
				DEVELOPMENT_TEAM = C5Y2CH62YY;
				INFOPLIST_FILE = PieceShelfTests/Info.plist;
				IPHONEOS_DEPLOYMENT_TARGET = 13.4;
				LD_RUNPATH_SEARCH_PATHS = (
					"$(inherited)",
					"@executable_path/Frameworks",
					"@loader_path/Frameworks",
				);
				PRODUCT_BUNDLE_IDENTIFIER = com.jiyeonlab.PieceShelfTests;
				PRODUCT_NAME = "$(TARGET_NAME)";
				SWIFT_VERSION = 5.0;
				TARGETED_DEVICE_FAMILY = "1,2";
				TEST_HOST = "$(BUILT_PRODUCTS_DIR)/PieceShelf.app/PieceShelf";
			};
			name = Debug;
		};
		9054ED8D242F14EE00D28C20 /* Release */ = {
			isa = XCBuildConfiguration;
			baseConfigurationReference = 51D1A0EC3CCD6155888FD77B /* Pods-PieceShelfTests.release.xcconfig */;
			buildSettings = {
				ALWAYS_EMBED_SWIFT_STANDARD_LIBRARIES = YES;
				BUNDLE_LOADER = "$(TEST_HOST)";
				CODE_SIGN_STYLE = Automatic;
				DEVELOPMENT_TEAM = C5Y2CH62YY;
				INFOPLIST_FILE = PieceShelfTests/Info.plist;
				IPHONEOS_DEPLOYMENT_TARGET = 13.4;
				LD_RUNPATH_SEARCH_PATHS = (
					"$(inherited)",
					"@executable_path/Frameworks",
					"@loader_path/Frameworks",
				);
				PRODUCT_BUNDLE_IDENTIFIER = com.jiyeonlab.PieceShelfTests;
				PRODUCT_NAME = "$(TARGET_NAME)";
				SWIFT_VERSION = 5.0;
				TARGETED_DEVICE_FAMILY = "1,2";
				TEST_HOST = "$(BUILT_PRODUCTS_DIR)/PieceShelf.app/PieceShelf";
			};
			name = Release;
		};
/* End XCBuildConfiguration section */

/* Begin XCConfigurationList section */
		9054ED64242F14ED00D28C20 /* Build configuration list for PBXProject "PieceShelf" */ = {
			isa = XCConfigurationList;
			buildConfigurations = (
				9054ED86242F14EE00D28C20 /* Debug */,
				9054ED87242F14EE00D28C20 /* Release */,
			);
			defaultConfigurationIsVisible = 0;
			defaultConfigurationName = Release;
		};
		9054ED88242F14EE00D28C20 /* Build configuration list for PBXNativeTarget "PieceShelf" */ = {
			isa = XCConfigurationList;
			buildConfigurations = (
				9054ED89242F14EE00D28C20 /* Debug */,
				9054ED8A242F14EE00D28C20 /* Release */,
			);
			defaultConfigurationIsVisible = 0;
			defaultConfigurationName = Release;
		};
		9054ED8B242F14EE00D28C20 /* Build configuration list for PBXNativeTarget "PieceShelfTests" */ = {
			isa = XCConfigurationList;
			buildConfigurations = (
				9054ED8C242F14EE00D28C20 /* Debug */,
				9054ED8D242F14EE00D28C20 /* Release */,
			);
			defaultConfigurationIsVisible = 0;
			defaultConfigurationName = Release;
		};
/* End XCConfigurationList section */
	};
	rootObject = 9054ED61242F14ED00D28C20 /* Project object */;
}
